{
  "name": "analysisofvue",
  "version": "1.0.0",
  "lockfileVersion": 1,
  "requires": true,
  "dependencies": {
    "gitbook-plugin-baidu": {
      "version": "0.1.0",
      "resolved": "https://registry.npm.taobao.org/gitbook-plugin-baidu/download/gitbook-plugin-baidu-0.1.0.tgz",
      "integrity": "sha1-zo5SBy+T91pGZwvILciOwHJCnnY=",
      "dev": true
    },
    "gitbook-plugin-copy-code-button": {
      "version": "0.0.2",
      "resolved": "https://registry.npm.taobao.org/gitbook-plugin-copy-code-button/download/gitbook-plugin-copy-code-button-0.0.2.tgz",
      "integrity": "sha1-Q0UzIAtc9ZbChMFOHYu1d3IIRHU=",
      "dev": true
    },
    "gitbook-theme-comscore": {
      "version": "0.0.3",
      "resolved": "https://registry.npm.taobao.org/gitbook-theme-comscore/download/gitbook-theme-comscore-0.0.3.tgz",
      "integrity": "sha1-0ToaThMcYC6JK1dpYY7CNaI/taU=",
      "dev": true
    }
  }
}
